
Microsoft Visual Studio Solution File, Format Version 12.00
# Visual Studio Version 16
VisualStudioVersion = 16.0.31729.503
MinimumVisualStudioVersion = 10.0.40219.1
Project("{FAE04EC0-301F-11D3-BF4B-00C04F79EFBC}") = "Partee_MergeSort", "Partee_MergeSort.csproj", "{7ECEBE14-1388-4684-96DC-6D1166B2877D}"
EndProject
Global
	GlobalSection(SolutionConfigurationPlatforms) = preSolution
		Debug|Any CPU = Debug|Any CPU
		Release|Any CPU = Release|Any CPU
	EndGlobalSection
	GlobalSection(ProjectConfigurationPlatforms) = postSolution
		{7ECEBE14-1388-4684-96DC-6D1166B2877D}.Debug|Any CPU.ActiveCfg = Debug|Any CPU
		{7ECEBE14-1388-4684-96DC-6D1166B2877D}.Debug|Any CPU.Build.0 = Debug|Any CPU
		{7ECEBE14-1388-4684-96DC-6D1166B2877D}.Release|Any CPU.ActiveCfg = Release|Any CPU
		{7ECEBE14-1388-4684-96DC-6D1166B2877D}.Release|Any CPU.Build.0 = Release|Any CPU
	EndGlobalSection
	GlobalSection(SolutionProperties) = preSolution
		HideSolutionNode = FALSE
	EndGlobalSection
	GlobalSection(ExtensibilityGlobals) = postSolution
		SolutionGuid = {E3150B54-91A9-4459-BB7D-4507AC7C846C}
	EndGlobalSection
EndGlobal
